
Microsoft Visual Studio Solution File, Format Version 12.00
# Visual Studio Version 16
VisualStudioVersion = 16.0.31402.337
MinimumVisualStudioVersion = 10.0.40219.1
Project("{9A19103F-16F7-4668-BE54-9A1E7A4F7556}") = "CaixaEletronico", "CaixaEletronico.csproj", "{571A6A13-3ACF-42AB-935B-8C3DC30ADB11}"
EndProject
Global
	GlobalSection(SolutionConfigurationPlatforms) = preSolution
		Debug|Any CPU = Debug|Any CPU
		Release|Any CPU = Release|Any CPU
	EndGlobalSection
	GlobalSection(ProjectConfigurationPlatforms) = postSolution
		{571A6A13-3ACF-42AB-935B-8C3DC30ADB11}.Debug|Any CPU.ActiveCfg = Debug|Any CPU
		{571A6A13-3ACF-42AB-935B-8C3DC30ADB11}.Debug|Any CPU.Build.0 = Debug|Any CPU
		{571A6A13-3ACF-42AB-935B-8C3DC30ADB11}.Release|Any CPU.ActiveCfg = Release|Any CPU
		{571A6A13-3ACF-42AB-935B-8C3DC30ADB11}.Release|Any CPU.Build.0 = Release|Any CPU
	EndGlobalSection
	GlobalSection(SolutionProperties) = preSolution
		HideSolutionNode = FALSE
	EndGlobalSection
	GlobalSection(ExtensibilityGlobals) = postSolution
		SolutionGuid = {3A25B6BF-4D4C-4524-ACCA-C649C053D51E}
	EndGlobalSection
EndGlobal
